
Microsoft Visual Studio Solution File, Format Version 12.00
Project("{2150E333-8FDC-42A3-9474-1A3956D46DE8}") = "Solution Items", "Solution Items", "{E476BD7C-06B2-42A9-981A-87FD0F3E4F46}"
EndProject
Project("{2150E333-8FDC-42A3-9474-1A3956D46DE8}") = "src", "src", "{7049BBFB-54B7-4B41-B9FF-F48D944D7CCB}"
EndProject
Project("{FAE04EC0-301F-11D3-BF4B-00C04F79EFBC}") = "Whatsapp.Api", "Whatsapp.Api\Whatsapp.Api.csproj", "{5C4435F8-BFBB-4279-83E5-86C1220E330B}"
EndProject
Project("{2150E333-8FDC-42A3-9474-1A3956D46DE8}") = "BuildingBlocks", "BuildingBlocks", "{4949444C-FB66-4E91-A717-A9646F165348}"
EndProject
Project("{2150E333-8FDC-42A3-9474-1A3956D46DE8}") = "Services", "Services", "{ED3F88B8-221C-43B2-B759-2210D6473CEF}"
EndProject
Project("{FAE04EC0-301F-11D3-BF4B-00C04F79EFBC}") = "Common.Logging", "Common.Logging\Common.Logging.csproj", "{3A512B97-789A-48C5-A4BD-70DB2FC3DBF7}"
EndProject
Project("{FAE04EC0-301F-11D3-BF4B-00C04F79EFBC}") = "Shared", "Shared\Shared.csproj", "{490BFDF6-F3F1-4D95-8455-07212A4231C9}"
EndProject
Project("{FAE04EC0-301F-11D3-BF4B-00C04F79EFBC}") = "Whatsapp.Application", "Whatsapp.Application\Whatsapp.Application.csproj", "{67D3C5BD-D912-4290-B7C4-5A717BBC96E0}"
EndProject
Project("{FAE04EC0-301F-11D3-BF4B-00C04F79EFBC}") = "Whatsapp.Domain", "Whatsapp.Domain\Whatsapp.Domain.csproj", "{328ACF31-3AAC-44D1-9FFF-E262B23FDB90}"
EndProject
Project("{FAE04EC0-301F-11D3-BF4B-00C04F79EFBC}") = "Whatsapp.Infrastructure", "Whatsapp.Infrastructure\Whatsapp.Infrastructure.csproj", "{B5164B50-E914-4666-ADC6-D76B1950BFAC}"
EndProject
Project("{FAE04EC0-301F-11D3-BF4B-00C04F79EFBC}") = "Contracts", "Contracts\Contracts.csproj", "{81B97A75-AA67-46DE-9502-E7975110DBA8}"
EndProject
Project("{FAE04EC0-301F-11D3-BF4B-00C04F79EFBC}") = "Infrastructure", "Infrastructure\Infrastructure.csproj", "{059F6F31-A8DA-4B93-A1F4-0631AD53349C}"
EndProject
Global
	GlobalSection(SolutionConfigurationPlatforms) = preSolution
		Debug|Any CPU = Debug|Any CPU
		Release|Any CPU = Release|Any CPU
	EndGlobalSection
	GlobalSection(NestedProjects) = preSolution
		{4949444C-FB66-4E91-A717-A9646F165348} = {7049BBFB-54B7-4B41-B9FF-F48D944D7CCB}
		{ED3F88B8-221C-43B2-B759-2210D6473CEF} = {7049BBFB-54B7-4B41-B9FF-F48D944D7CCB}
		{5C4435F8-BFBB-4279-83E5-86C1220E330B} = {ED3F88B8-221C-43B2-B759-2210D6473CEF}
		{3A512B97-789A-48C5-A4BD-70DB2FC3DBF7} = {4949444C-FB66-4E91-A717-A9646F165348}
		{490BFDF6-F3F1-4D95-8455-07212A4231C9} = {4949444C-FB66-4E91-A717-A9646F165348}
		{67D3C5BD-D912-4290-B7C4-5A717BBC96E0} = {ED3F88B8-221C-43B2-B759-2210D6473CEF}
		{328ACF31-3AAC-44D1-9FFF-E262B23FDB90} = {ED3F88B8-221C-43B2-B759-2210D6473CEF}
		{B5164B50-E914-4666-ADC6-D76B1950BFAC} = {ED3F88B8-221C-43B2-B759-2210D6473CEF}
		{81B97A75-AA67-46DE-9502-E7975110DBA8} = {4949444C-FB66-4E91-A717-A9646F165348}
		{059F6F31-A8DA-4B93-A1F4-0631AD53349C} = {4949444C-FB66-4E91-A717-A9646F165348}
	EndGlobalSection
	GlobalSection(ProjectConfigurationPlatforms) = postSolution
		{5C4435F8-BFBB-4279-83E5-86C1220E330B}.Debug|Any CPU.ActiveCfg = Debug|Any CPU
		{5C4435F8-BFBB-4279-83E5-86C1220E330B}.Debug|Any CPU.Build.0 = Debug|Any CPU
		{5C4435F8-BFBB-4279-83E5-86C1220E330B}.Release|Any CPU.ActiveCfg = Release|Any CPU
		{5C4435F8-BFBB-4279-83E5-86C1220E330B}.Release|Any CPU.Build.0 = Release|Any CPU
		{3A512B97-789A-48C5-A4BD-70DB2FC3DBF7}.Debug|Any CPU.ActiveCfg = Debug|Any CPU
		{3A512B97-789A-48C5-A4BD-70DB2FC3DBF7}.Debug|Any CPU.Build.0 = Debug|Any CPU
		{3A512B97-789A-48C5-A4BD-70DB2FC3DBF7}.Release|Any CPU.ActiveCfg = Release|Any CPU
		{3A512B97-789A-48C5-A4BD-70DB2FC3DBF7}.Release|Any CPU.Build.0 = Release|Any CPU
		{490BFDF6-F3F1-4D95-8455-07212A4231C9}.Debug|Any CPU.ActiveCfg = Debug|Any CPU
		{490BFDF6-F3F1-4D95-8455-07212A4231C9}.Debug|Any CPU.Build.0 = Debug|Any CPU
		{490BFDF6-F3F1-4D95-8455-07212A4231C9}.Release|Any CPU.ActiveCfg = Release|Any CPU
		{490BFDF6-F3F1-4D95-8455-07212A4231C9}.Release|Any CPU.Build.0 = Release|Any CPU
		{67D3C5BD-D912-4290-B7C4-5A717BBC96E0}.Debug|Any CPU.ActiveCfg = Debug|Any CPU
		{67D3C5BD-D912-4290-B7C4-5A717BBC96E0}.Debug|Any CPU.Build.0 = Debug|Any CPU
		{67D3C5BD-D912-4290-B7C4-5A717BBC96E0}.Release|Any CPU.ActiveCfg = Release|Any CPU
		{67D3C5BD-D912-4290-B7C4-5A717BBC96E0}.Release|Any CPU.Build.0 = Release|Any CPU
		{328ACF31-3AAC-44D1-9FFF-E262B23FDB90}.Debug|Any CPU.ActiveCfg = Debug|Any CPU
		{328ACF31-3AAC-44D1-9FFF-E262B23FDB90}.Debug|Any CPU.Build.0 = Debug|Any CPU
		{328ACF31-3AAC-44D1-9FFF-E262B23FDB90}.Release|Any CPU.ActiveCfg = Release|Any CPU
		{328ACF31-3AAC-44D1-9FFF-E262B23FDB90}.Release|Any CPU.Build.0 = Release|Any CPU
		{B5164B50-E914-4666-ADC6-D76B1950BFAC}.Debug|Any CPU.ActiveCfg = Debug|Any CPU
		{B5164B50-E914-4666-ADC6-D76B1950BFAC}.Debug|Any CPU.Build.0 = Debug|Any CPU
		{B5164B50-E914-4666-ADC6-D76B1950BFAC}.Release|Any CPU.ActiveCfg = Release|Any CPU
		{B5164B50-E914-4666-ADC6-D76B1950BFAC}.Release|Any CPU.Build.0 = Release|Any CPU
		{81B97A75-AA67-46DE-9502-E7975110DBA8}.Debug|Any CPU.ActiveCfg = Debug|Any CPU
		{81B97A75-AA67-46DE-9502-E7975110DBA8}.Debug|Any CPU.Build.0 = Debug|Any CPU
		{81B97A75-AA67-46DE-9502-E7975110DBA8}.Release|Any CPU.ActiveCfg = Release|Any CPU
		{81B97A75-AA67-46DE-9502-E7975110DBA8}.Release|Any CPU.Build.0 = Release|Any CPU
		{059F6F31-A8DA-4B93-A1F4-0631AD53349C}.Debug|Any CPU.ActiveCfg = Debug|Any CPU
		{059F6F31-A8DA-4B93-A1F4-0631AD53349C}.Debug|Any CPU.Build.0 = Debug|Any CPU
		{059F6F31-A8DA-4B93-A1F4-0631AD53349C}.Release|Any CPU.ActiveCfg = Release|Any CPU
		{059F6F31-A8DA-4B93-A1F4-0631AD53349C}.Release|Any CPU.Build.0 = Release|Any CPU
	EndGlobalSection
EndGlobal
